{
  "requires": true,
  "lockfileVersion": 1,
  "dependencies": {
    "lazyload": {
      "version": "2.0.0-beta.2",
      "resolved": "https://registry.npmjs.org/lazyload/-/lazyload-2.0.0-beta.2.tgz",
      "integrity": "sha512-UT1/OlsKe/raZGZgZ71DtnBOj3g6x5AZDc/V9INHpJBgRGh8jv61Jm8ZVHF1UmfFcEOIQHlYH/fO5gmZPvVtOA=="
    }
  }
}
